# THIS IS AN AUTOGENERATED FILE. DO NOT EDIT THIS FILE DIRECTLY.
# yarn lockfile v1


"@types/estree@0.0.39":
  version "0.0.39"
  resolved "https://registry.yarnpkg.com/@types/estree/-/estree-0.0.39.tgz#e177e699ee1b8c22d23174caaa7422644389509f"

"@types/node@^11.13.5":
  version "11.13.11"
  resolved "https://registry.yarnpkg.com/@types/node/-/node-11.13.11.tgz#65766752cbbe198ff353ea861a23b6484cf33df4"

acorn@^6.1.1:
  version "6.1.1"
  resolved "https://registry.yarnpkg.com/acorn/-/acorn-6.1.1.tgz#7d25ae05bb8ad1f9b699108e1094ecd7884adc1f"

rollup@1.10.1:
  version "1.10.1"
  resolved "https://registry.yarnpkg.com/rollup/-/rollup-1.10.1.tgz#aeb763bbe98f707dc6496708db88372fa66687e7"
  dependencies:
    "@types/estree" "0.0.39"
    "@types/node" "^11.13.5"
    acorn "^6.1.1"

svelte@^3.0.0:
  version "3.4.2"
  resolved "https://registry.yarnpkg.com/svelte/-/svelte-3.4.2.tgz#55e34d7a53f9a732387dbf0fcb68e2fa4b598c93"
