# THIS IS AN AUTOGENERATED FILE. DO NOT EDIT THIS FILE DIRECTLY.
# yarn lockfile v1


svelte@2.16.1:
  version "2.16.1"
  resolved "https://registry.yarnpkg.com/svelte/-/svelte-2.16.1.tgz#559a68452029e72280311ccc8dfd2ff10d0a5f18"
  integrity sha512-TpXdfukSkmWkMnH6PPVm7FRW8SSFcTyqBiP+6VN8rtZJ7Lp1Xbf/e3oz73eQBxF0UPZw1aAn1b91lX2XTeD3zg==
